// !$*UTF8*$!
{
	archiveVersion = 1;
	classes = {
	};
	objectVersion = 50;
	objects = {

/* Begin PBXBuildFile section */
		7C437E1A247B74330085D1A1 /* AppDelegate.swift in Sources */ = {isa = PBXBuildFile; fileRef = 7C437E19247B74330085D1A1 /* AppDelegate.swift */; };
		7C437E1C247B74330085D1A1 /* SceneDelegate.swift in Sources */ = {isa = PBXBuildFile; fileRef = 7C437E1B247B74330085D1A1 /* SceneDelegate.swift */; };
		7C437E1E247B74330085D1A1 /* ContentView.swift in Sources */ = {isa = PBXBuildFile; fileRef = 7C437E1D247B74330085D1A1 /* ContentView.swift */; };
		7C437E20247B74340085D1A1 /* Assets.xcassets in Resources */ = {isa = PBXBuildFile; fileRef = 7C437E1F247B74340085D1A1 /* Assets.xcassets */; };
		7C437E23247B74340085D1A1 /* Preview Assets.xcassets in Resources */ = {isa = PBXBuildFile; fileRef = 7C437E22247B74340085D1A1 /* Preview Assets.xcassets */; };
		7C437E26247B74340085D1A1 /* LaunchScreen.storyboard in Resources */ = {isa = PBXBuildFile; fileRef = 7C437E24247B74340085D1A1 /* LaunchScreen.storyboard */; };
/* End PBXBuildFile section */

/* Begin PBXFileReference section */
		7C437E16247B74330085D1A1 /* BibleSays.app */ = {isa = PBXFileReference; explicitFileType = wrapper.application; includeInIndex = 0; path = BibleSays.app; sourceTree = BUILT_PRODUCTS_DIR; };
		7C437E19247B74330085D1A1 /* AppDelegate.swift */ = {isa = PBXFileReference; lastKnownFileType = sourcecode.swift; path = AppDelegate.swift; sourceTree = "<group>"; };
		7C437E1B247B74330085D1A1 /* SceneDelegate.swift */ = {isa = PBXFileReference; lastKnownFileType = sourcecode.swift; path = SceneDelegate.swift; sourceTree = "<group>"; };
		7C437E1D247B74330085D1A1 /* ContentView.swift */ = {isa = PBXFileReference; lastKnownFileType = sourcecode.swift; path = ContentView.swift; sourceTree = "<group>"; };
		7C437E1F247B74340085D1A1 /* Assets.xcassets */ = {isa = PBXFileReference; lastKnownFileType = folder.assetcatalog; path = Assets.xcassets; sourceTree = "<group>"; };
		7C437E22247B74340085D1A1 /* Preview Assets.xcassets */ = {isa = PBXFileReference; lastKnownFileType = folder.assetcatalog; path = "Preview Assets.xcassets"; sourceTree = "<group>"; };
		7C437E25247B74340085D1A1 /* Base */ = {isa = PBXFileReference; lastKnownFileType = file.storyboard; name = Base; path = Base.lproj/LaunchScreen.storyboard; sourceTree = "<group>"; };
		7C437E27247B74340085D1A1 /* Info.plist */ = {isa = PBXFileReference; lastKnownFileType = text.plist.xml; path = Info.plist; sourceTree = "<group>"; };
/* End PBXFileReference section */

/* Begin PBXFrameworksBuildPhase section */
		7C437E13247B74330085D1A1 /* Frameworks */ = {
			isa = PBXFrameworksBuildPhase;
			buildActionMask = 2147483647;
			files = (
			);
			runOnlyForDeploymentPostprocessing = 0;
		};
/* End PBXFrameworksBuildPhase section */

/* Begin PBXGroup section */
		7C437E0D247B74330085D1A1 = {
			isa = PBXGroup;
			children = (
				7C437E18247B74330085D1A1 /* BibleSays */,
				7C437E17247B74330085D1A1 /* Products */,
			);
			sourceTree = "<group>";
		};
		7C437E17247B74330085D1A1 /* Products */ = {
			isa = PBXGroup;
			children = (
				7C437E16247B74330085D1A1 /* BibleSays.app */,
			);
			name = Products;
			sourceTree = "<group>";
		};
		7C437E18247B74330085D1A1 /* BibleSays */ = {
			isa = PBXGroup;
			children = (
				7C437E19247B74330085D1A1 /* AppDelegate.swift */,
				7C437E1B247B74330085D1A1 /* SceneDelegate.swift */,
				7C437E1D247B74330085D1A1 /* ContentView.swift */,
				7C437E1F247B74340085D1A1 /* Assets.xcassets */,
				7C437E24247B74340085D1A1 /* LaunchScreen.storyboard */,
				7C437E27247B74340085D1A1 /* Info.plist */,
				7C437E21247B74340085D1A1 /* Preview Content */,
			);
			path = BibleSays;
			sourceTree = "<group>";
		};
		7C437E21247B74340085D1A1 /* Preview Content */ = {
			isa = PBXGroup;
			children = (
				7C437E22247B74340085D1A1 /* Preview Assets.xcassets */,
			);
			path = "Preview Content";
			sourceTree = "<group>";
		};
/* End PBXGroup section */

/* Begin PBXNativeTarget section */
		7C437E15247B74330085D1A1 /* BibleSays */ = {
			isa = PBXNativeTarget;
			buildConfigurationList = 7C437E2A247B74340085D1A1 /* Build configuration list for PBXNativeTarget "BibleSays" */;
			buildPhases = (
				7C437E12247B74330085D1A1 /* Sources */,
				7C437E13247B74330085D1A1 /* Frameworks */,
				7C437E14247B74330085D1A1 /* Resources */,
			);
			buildRules = (
			);
			dependencies = (
			);
			name = BibleSays;
			productName = BibleSays;
			productReference = 7C437E16247B74330085D1A1 /* BibleSays.app */;
			productType = "com.apple.product-type.application";
		};
/* End PBXNativeTarget section */

/* Begin PBXProject section */
		7C437E0E247B74330085D1A1 /* Project object */ = {
			isa = PBXProject;
			attributes = {
				LastSwiftUpdateCheck = 1140;
				LastUpgradeCheck = 1140;
				ORGANIZATIONNAME = "Elcode Studio";
				TargetAttributes = {
					7C437E15247B74330085D1A1 = {
						CreatedOnToolsVersion = 11.4.1;
					};
				};
			};
			buildConfigurationList = 7C437E11247B74330085D1A1 /* Build configuration list for PBXProject "BibleSays" */;
			compatibilityVersion = "Xcode 9.3";
			developmentRegion = en;
			hasScannedForEncodings = 0;
			knownRegions = (
				en,
				Base,
			);
			mainGroup = 7C437E0D247B74330085D1A1;
			productRefGroup = 7C437E17247B74330085D1A1 /* Products */;
			projectDirPath = "";
			projectRoot = "";
			targets = (
				7C437E15247B74330085D1A1 /* BibleSays */,
			);
		};
/* End PBXProject section */

/* Begin PBXResourcesBuildPhase section */
		7C437E14247B74330085D1A1 /* Resources */ = {
			isa = PBXResourcesBuildPhase;
			buildActionMask = 2147483647;
			files = (
				7C437E26247B74340085D1A1 /* LaunchScreen.storyboard in Resources */,
				7C437E23247B74340085D1A1 /* Preview Assets.xcassets in Resources */,
				7C437E20247B74340085D1A1 /* Assets.xcassets in Resources */,
			);
			runOnlyForDeploymentPostprocessing = 0;
		};
/* End PBXResourcesBuildPhase section */

/* Begin PBXSourcesBuildPhase section */
		7C437E12247B74330085D1A1 /* Sources */ = {
			isa = PBXSourcesBuildPhase;
			buildActionMask = 2147483647;
			files = (
				7C437E1A247B74330085D1A1 /* AppDelegate.swift in Sources */,
				7C437E1C247B74330085D1A1 /* SceneDelegate.swift in Sources */,
				7C437E1E247B74330085D1A1 /* ContentView.swift in Sources */,
			);
			runOnlyForDeploymentPostprocessing = 0;
		};
/* End PBXSourcesBuildPhase section */

/* Begin PBXVariantGroup section */
		7C437E24247B74340085D1A1 /* LaunchScreen.storyboard */ = {
			isa = PBXVariantGroup;
			children = (
				7C437E25247B74340085D1A1 /* Base */,
			);
			name = LaunchScreen.storyboard;
			sourceTree = "<group>";
		};
/* End PBXVariantGroup section */

/* Begin XCBuildConfiguration section */
		7C437E28247B74340085D1A1 /* Debug */ = {
			isa = XCBuildConfiguration;
			buildSettings = {
				ALWAYS_SEARCH_USER_PATHS = NO;
				CLANG_ANALYZER_NONNULL = YES;
				CLANG_ANALYZER_NUMBER_OBJECT_CONVERSION = YES_AGGRESSIVE;
				CLANG_CXX_LANGUAGE_STANDARD = "gnu++14";
				CLANG_CXX_LIBRARY = "libc++";
				CLANG_ENABLE_MODULES = YES;
				CLANG_ENABLE_OBJC_ARC = YES;
				CLANG_ENABLE_OBJC_WEAK = YES;
				CLANG_WARN_BLOCK_CAPTURE_AUTORELEASING = YES;
				CLANG_WARN_BOOL_CONVERSION = YES;
				CLANG_WARN_COMMA = YES;
				CLANG_WARN_CONSTANT_CONVERSION = YES;
				CLANG_WARN_DEPRECATED_OBJC_IMPLEMENTATIONS = YES;
				CLANG_WARN_DIRECT_OBJC_ISA_USAGE = YES_ERROR;
				CLANG_WARN_DOCUMENTATION_COMMENTS = YES;
				CLANG_WARN_EMPTY_BODY = YES;
				CLANG_WARN_ENUM_CONVERSION = YES;
				CLANG_WARN_INFINITE_RECURSION = YES;
				CLANG_WARN_INT_CONVERSION = YES;
				CLANG_WARN_NON_LITERAL_NULL_CONVERSION = YES;
				CLANG_WARN_OBJC_IMPLICIT_RETAIN_SELF = YES;
				CLANG_WARN_OBJC_LITERAL_CONVERSION = YES;
				CLANG_WARN_OBJC_ROOT_CLASS = YES_ERROR;
				CLANG_WARN_RANGE_LOOP_ANALYSIS = YES;
				CLANG_WARN_STRICT_PROTOTYPES = YES;
				CLANG_WARN_SUSPICIOUS_MOVE = YES;
				CLANG_WARN_UNGUARDED_AVAILABILITY = YES_AGGRESSIVE;
				CLANG_WARN_UNREACHABLE_CODE = YES;
				CLANG_WARN__DUPLICATE_METHOD_MATCH = YES;
				COPY_PHASE_STRIP = NO;
				DEBUG_INFORMATION_FORMAT = dwarf;
				ENABLE_STRICT_OBJC_MSGSEND = YES;
				ENABLE_TESTABILITY = YES;
				GCC_C_LANGUAGE_STANDARD = gnu11;
				GCC_DYNAMIC_NO_PIC = NO;
				GCC_NO_COMMON_BLOCKS = YES;
				GCC_OPTIMIZATION_LEVEL = 0;
				GCC_PREPROCESSOR_DEFINITIONS = (
					"DEBUG=1",
					"$(inherited)",
				);
				GCC_WARN_64_TO_32_BIT_CONVERSION = YES;
				GCC_WARN_ABOUT_RETURN_TYPE = YES_ERROR;
				GCC_WARN_UNDECLARED_SELECTOR = YES;
				GCC_WARN_UNINITIALIZED_AUTOS = YES_AGGRESSIVE;
				GCC_WARN_UNUSED_FUNCTION = YES;
				GCC_WARN_UNUSED_VARIABLE = YES;
				IPHONEOS_DEPLOYMENT_TARGET = 13.4;
				MTL_ENABLE_DEBUG_INFO = INCLUDE_SOURCE;
				MTL_FAST_MATH = YES;
				ONLY_ACTIVE_ARCH = YES;
				SDKROOT = iphoneos;
				SWIFT_ACTIVE_COMPILATION_CONDITIONS = DEBUG;
				SWIFT_OPTIMIZATION_LEVEL = "-Onone";
			};
			name = Debug;
		};
		7C437E29247B74340085D1A1 /* Release */ = {
			isa = XCBuildConfiguration;
			buildSettings = {
				ALWAYS_SEARCH_USER_PATHS = NO;
				CLANG_ANALYZER_NONNULL = YES;
				CLANG_ANALYZER_NUMBER_OBJECT_CONVERSION = YES_AGGRESSIVE;
				CLANG_CXX_LANGUAGE_STANDARD = "gnu++14";
				CLANG_CXX_LIBRARY = "libc++";
				CLANG_ENABLE_MODULES = YES;
				CLANG_ENABLE_OBJC_ARC = YES;
				CLANG_ENABLE_OBJC_WEAK = YES;
				CLANG_WARN_BLOCK_CAPTURE_AUTORELEASING = YES;
				CLANG_WARN_BOOL_CONVERSION = YES;
				CLANG_WARN_COMMA = YES;
				CLANG_WARN_CONSTANT_CONVERSION = YES;
				CLANG_WARN_DEPRECATED_OBJC_IMPLEMENTATIONS = YES;
				CLANG_WARN_DIRECT_OBJC_ISA_USAGE = YES_ERROR;
				CLANG_WARN_DOCUMENTATION_COMMENTS = YES;
				CLANG_WARN_EMPTY_BODY = YES;
				CLANG_WARN_ENUM_CONVERSION = YES;
				CLANG_WARN_INFINITE_RECURSION = YES;
				CLANG_WARN_INT_CONVERSION = YES;
				CLANG_WARN_NON_LITERAL_NULL_CONVERSION = YES;
				CLANG_WARN_OBJC_IMPLICIT_RETAIN_SELF = YES;
				CLANG_WARN_OBJC_LITERAL_CONVERSION = YES;
				CLANG_WARN_OBJC_ROOT_CLASS = YES_ERROR;
				CLANG_WARN_RANGE_LOOP_ANALYSIS = YES;
				CLANG_WARN_STRICT_PROTOTYPES = YES;
				CLANG_WARN_SUSPICIOUS_MOVE = YES;
				CLANG_WARN_UNGUARDED_AVAILABILITY = YES_AGGRESSIVE;
				CLANG_WARN_UNREACHABLE_CODE = YES;
				CLANG_WARN__DUPLICATE_METHOD_MATCH = YES;
				COPY_PHASE_STRIP = NO;
				DEBUG_INFORMATION_FORMAT = "dwarf-with-dsym";
				ENABLE_NS_ASSERTIONS = NO;
				ENABLE_STRICT_OBJC_MSGSEND = YES;
				GCC_C_LANGUAGE_STANDARD = gnu11;
				GCC_NO_COMMON_BLOCKS = YES;
				GCC_WARN_64_TO_32_BIT_CONVERSION = YES;
				GCC_WARN_ABOUT_RETURN_TYPE = YES_ERROR;
				GCC_WARN_UNDECLARED_SELECTOR = YES;
				GCC_WARN_UNINITIALIZED_AUTOS = YES_AGGRESSIVE;
				GCC_WARN_UNUSED_FUNCTION = YES;
				GCC_WARN_UNUSED_VARIABLE = YES;
				IPHONEOS_DEPLOYMENT_TARGET = 13.4;
				MTL_ENABLE_DEBUG_INFO = NO;
				MTL_FAST_MATH = YES;
				SDKROOT = iphoneos;
				SWIFT_COMPILATION_MODE = wholemodule;
				SWIFT_OPTIMIZATION_LEVEL = "-O";
				VALIDATE_PRODUCT = YES;
			};
			name = Release;
		};
		7C437E2B247B74340085D1A1 /* Debug */ = {
			isa = XCBuildConfiguration;
			buildSettings = {
				ASSETCATALOG_COMPILER_APPICON_NAME = AppIcon;
				CODE_SIGN_STYLE = Automatic;
				DEVELOPMENT_ASSET_PATHS = "\"BibleSays/Preview Content\"";
				DEVELOPMENT_TEAM = Y57LT3DKL7;
				ENABLE_PREVIEWS = YES;
				INFOPLIST_FILE = BibleSays/Info.plist;
				LD_RUNPATH_SEARCH_PATHS = (
					"$(inherited)",
					"@executable_path/Frameworks",
				);
				PRODUCT_BUNDLE_IDENTIFIER = elcodestudio.BibleSays;
				PRODUCT_NAME = "$(TARGET_NAME)";
				SWIFT_VERSION = 5.0;
				TARGETED_DEVICE_FAMILY = "1,2";
			};
			name = Debug;
		};
		7C437E2C247B74340085D1A1 /* Release */ = {
			isa = XCBuildConfiguration;
			buildSettings = {
				ASSETCATALOG_COMPILER_APPICON_NAME = AppIcon;
				CODE_SIGN_STYLE = Automatic;
				DEVELOPMENT_ASSET_PATHS = "\"BibleSays/Preview Content\"";
				DEVELOPMENT_TEAM = Y57LT3DKL7;
				ENABLE_PREVIEWS = YES;
				INFOPLIST_FILE = BibleSays/Info.plist;
				LD_RUNPATH_SEARCH_PATHS = (
					"$(inherited)",
					"@executable_path/Frameworks",
				);
				PRODUCT_BUNDLE_IDENTIFIER = elcodestudio.BibleSays;
				PRODUCT_NAME = "$(TARGET_NAME)";
				SWIFT_VERSION = 5.0;
				TARGETED_DEVICE_FAMILY = "1,2";
			};
			name = Release;
		};
/* End XCBuildConfiguration section */

/* Begin XCConfigurationList section */
		7C437E11247B74330085D1A1 /* Build configuration list for PBXProject "BibleSays" */ = {
			isa = XCConfigurationList;
			buildConfigurations = (
				7C437E28247B74340085D1A1 /* Debug */,
				7C437E29247B74340085D1A1 /* Release */,
			);
			defaultConfigurationIsVisible = 0;
			defaultConfigurationName = Release;
		};
		7C437E2A247B74340085D1A1 /* Build configuration list for PBXNativeTarget "BibleSays" */ = {
			isa = XCConfigurationList;
			buildConfigurations = (
				7C437E2B247B74340085D1A1 /* Debug */,
				7C437E2C247B74340085D1A1 /* Release */,
			);
			defaultConfigurationIsVisible = 0;
			defaultConfigurationName = Release;
		};
/* End XCConfigurationList section */
	};
	rootObject = 7C437E0E247B74330085D1A1 /* Project object */;
}
